
Microsoft Visual Studio Solution File, Format Version 12.00
# Visual Studio Version 17
VisualStudioVersion = 17.3.32901.215
MinimumVisualStudioVersion = 10.0.40219.1
Project("{FAE04EC0-301F-11D3-BF4B-00C04F79EFBC}") = "JWTRefreshTokenDemo", "JWTRefreshTokenDemo\JWTRefreshTokenDemo.csproj", "{877EA596-611B-485F-819D-8C9276A06929}"
EndProject
Global
	GlobalSection(SolutionConfigurationPlatforms) = preSolution
		Debug|Any CPU = Debug|Any CPU
		Release|Any CPU = Release|Any CPU
	EndGlobalSection
	GlobalSection(ProjectConfigurationPlatforms) = postSolution
		{877EA596-611B-485F-819D-8C9276A06929}.Debug|Any CPU.ActiveCfg = Debug|Any CPU
		{877EA596-611B-485F-819D-8C9276A06929}.Debug|Any CPU.Build.0 = Debug|Any CPU
		{877EA596-611B-485F-819D-8C9276A06929}.Release|Any CPU.ActiveCfg = Release|Any CPU
		{877EA596-611B-485F-819D-8C9276A06929}.Release|Any CPU.Build.0 = Release|Any CPU
	EndGlobalSection
	GlobalSection(SolutionProperties) = preSolution
		HideSolutionNode = FALSE
	EndGlobalSection
	GlobalSection(ExtensibilityGlobals) = postSolution
		SolutionGuid = {C62FCD1D-249A-481D-80C4-AEB804859F44}
	EndGlobalSection
EndGlobal
